# This file was autogenerated by Stack.
# You should not edit this file by hand.
# For more information, please see the documentation at:
#   https://docs.haskellstack.org/en/stable/lock_files

packages:
- completed:
    hackage: cron-0.7.2@sha256:59168f29d001c07ce19ba16f0b8abf4e8659fdf90e0e630ddd493e582d499fdc,3863
    pantry-tree:
      sha256: a7ef68533b5201eb26473cb4bd8df0bdcbf13a82670fd5fb9023e25dc8617498
      size: 1680
  original:
    hackage: cron-0.7.2@sha256:59168f29d001c07ce19ba16f0b8abf4e8659fdf90e0e630ddd493e582d499fdc,3863
snapshots:
- completed:
    sha256: 9444fadfa30b67a93080254d53872478c087592ad64443e47c546cdcd13149ae
    size: 678857
    url: https://raw.githubusercontent.com/commercialhaskell/stackage-snapshots/master/lts/23/0.yaml
  original:
    url: https://raw.githubusercontent.com/commercialhaskell/stackage-snapshots/master/lts/23/0.yaml
